
Microsoft Visual Studio Solution File, Format Version 12.00
# Visual Studio Version 17
VisualStudioVersion = 17.9.34518.117
MinimumVisualStudioVersion = 10.0.40219.1
Project("{FAE04EC0-301F-11D3-BF4B-00C04F79EFBC}") = "WarcraftTalents", "WarcraftTalents\WarcraftTalents.csproj", "{30BC94BC-D00A-4C2E-84AA-E9E381DE1F4E}"
EndProject
Global
	GlobalSection(SolutionConfigurationPlatforms) = preSolution
		Debug|Any CPU = Debug|Any CPU
		Release|Any CPU = Release|Any CPU
	EndGlobalSection
	GlobalSection(ProjectConfigurationPlatforms) = postSolution
		{30BC94BC-D00A-4C2E-84AA-E9E381DE1F4E}.Debug|Any CPU.ActiveCfg = Debug|Any CPU
		{30BC94BC-D00A-4C2E-84AA-E9E381DE1F4E}.Debug|Any CPU.Build.0 = Debug|Any CPU
		{30BC94BC-D00A-4C2E-84AA-E9E381DE1F4E}.Release|Any CPU.ActiveCfg = Release|Any CPU
		{30BC94BC-D00A-4C2E-84AA-E9E381DE1F4E}.Release|Any CPU.Build.0 = Release|Any CPU
	EndGlobalSection
	GlobalSection(SolutionProperties) = preSolution
		HideSolutionNode = FALSE
	EndGlobalSection
	GlobalSection(ExtensibilityGlobals) = postSolution
		SolutionGuid = {6DF3BE96-5D27-4A72-A215-1168C98F27AE}
	EndGlobalSection
EndGlobal
